
Microsoft Visual Studio Solution File, Format Version 12.00
# Visual Studio Version 17
VisualStudioVersion = 17.0.32112.339
MinimumVisualStudioVersion = 10.0.40219.1
Project("{9A19103F-16F7-4668-BE54-9A1E7A4F7556}") = "ProgramacionIngreso", "ProgramacionIngreso\ProgramacionIngreso.csproj", "{7BCEFED8-28DC-4EDE-9288-B9B67DAABF69}"
EndProject
Project("{9A19103F-16F7-4668-BE54-9A1E7A4F7556}") = "Recepcion", "Recepcion\Recepcion.csproj", "{8694AE70-5562-4971-A7DA-9635246464E6}"
EndProject
Project("{2150E333-8FDC-42A3-9474-1A3956D46DE8}") = "Micro Servicios", "Micro Servicios", "{6FE9A25E-C508-4BCB-BB0F-351A20F71EF2}"
EndProject
Project("{2150E333-8FDC-42A3-9474-1A3956D46DE8}") = "Data Access", "Data Access", "{D54450DC-DE5B-47E1-BF02-EAC53EC37AE3}"
EndProject
Project("{9A19103F-16F7-4668-BE54-9A1E7A4F7556}") = "DataAccess-ProgramacionIngreso", "DataAccess-ProgramacionIngreso\DataAccess-ProgramacionIngreso.csproj", "{54C1A966-FD6D-43CC-BDE1-DDC29F52CA51}"
EndProject
Project("{9A19103F-16F7-4668-BE54-9A1E7A4F7556}") = "DataAccess-Recepcion", "DataAccess-Recepcion\DataAccess-Recepcion.csproj", "{6E8B522A-C356-4EA3-8523-9BAECD3B58E9}"
EndProject
Project("{9A19103F-16F7-4668-BE54-9A1E7A4F7556}") = "SIGA", "SIGA\SIGA.csproj", "{8E78270B-7D65-4E3A-8BD6-ABE5323926DB}"
EndProject
Project("{9A19103F-16F7-4668-BE54-9A1E7A4F7556}") = "DataAccess-SIGA", "DataAccess-SIGA\DataAccess-SIGA.csproj", "{B9CEAFA0-F348-47E6-8B26-3040C0642C0F}"
EndProject
Project("{9A19103F-16F7-4668-BE54-9A1E7A4F7556}") = "DataAccess-Transporte", "DataAccess-Transporte\DataAccess-Transporte.csproj", "{CEA4A289-C773-45B3-97BC-365973DF9CDB}"
EndProject
Project("{9A19103F-16F7-4668-BE54-9A1E7A4F7556}") = "Transporte", "Transporte\Transporte.csproj", "{0101F4DB-2331-47A8-8543-152FFE5F0192}"
EndProject
Project("{9A19103F-16F7-4668-BE54-9A1E7A4F7556}") = "DataAccess-Stock", "DataAccess-Stock\DataAccess-Stock.csproj", "{08E51E0A-E1FC-4728-999E-644C2CAF2846}"
EndProject
Project("{9A19103F-16F7-4668-BE54-9A1E7A4F7556}") = "Stock", "Stock\Stock.csproj", "{11D83D2F-B25B-4C71-888F-9F84C5161F66}"
EndProject
Project("{9A19103F-16F7-4668-BE54-9A1E7A4F7556}") = "ActiveDirectory", "ActiveDirectory\ActiveDirectory.csproj", "{FDD6775F-3316-4FC8-A4B7-EEFE89A98F57}"
EndProject
Project("{9A19103F-16F7-4668-BE54-9A1E7A4F7556}") = "DataAccess-ActiveDirectory", "DataAccess-ActiveDirectory\DataAccess-ActiveDirectory.csproj", "{D6D82854-309F-48C1-86DB-6B72EE8FC5B1}"
EndProject
Project("{9A19103F-16F7-4668-BE54-9A1E7A4F7556}") = "DataAccess-Seguridad", "DataAccess-Seguridad\DataAccess-Seguridad.csproj", "{03D4062E-4B9C-4BBF-8A30-C0F6E9608396}"
EndProject
Project("{9A19103F-16F7-4668-BE54-9A1E7A4F7556}") = "Seguridad", "Seguridad\Seguridad.csproj", "{6DAACC37-DCF4-4DE7-8B19-E918A36E85ED}"
EndProject
Project("{9A19103F-16F7-4668-BE54-9A1E7A4F7556}") = "ApiGateWay", "ApiGateWay\ApiGateWay.csproj", "{2511B04D-F552-407D-AD39-A8D67A371373}"
EndProject
Project("{9A19103F-16F7-4668-BE54-9A1E7A4F7556}") = "CENARES.LoginAD", "CENARES.LoginAD\CENARES.LoginAD.csproj", "{5F851C29-08B4-482D-AB2B-8EA692E4413C}"
EndProject
Project("{9A19103F-16F7-4668-BE54-9A1E7A4F7556}") = "CENARES.Infraestructure", "CENARES.Infraestructure\CENARES.Infraestructure.csproj", "{524FA5B6-35E2-4BCB-BE13-FAC63A7BF5F8}"
EndProject
Project("{9A19103F-16F7-4668-BE54-9A1E7A4F7556}") = "DataAccess-ReporteInventario", "DataAccess-Rep_Inventario\DataAccess-ReporteInventario.csproj", "{AE3BC455-4109-44A0-8578-9F745DFA9444}"
EndProject
Project("{9A19103F-16F7-4668-BE54-9A1E7A4F7556}") = "DataAccess-DisponibilidadUbicaciones", "DataAccess-DisponibilidadUbicaciones\DataAccess-DisponibilidadUbicaciones.csproj", "{C4FFBFEE-DC9C-4250-A706-74A022128135}"
EndProject
Project("{9A19103F-16F7-4668-BE54-9A1E7A4F7556}") = "DataAccess-ReporteTareaInterna", "DataAccess-ReporteTareaInterna\DataAccess-ReporteTareaInterna.csproj", "{5C77014E-B0CD-448A-ACE6-9E37433761AF}"
EndProject
Project("{9A19103F-16F7-4668-BE54-9A1E7A4F7556}") = "SIGA2", "SIGA2\SIGA2.csproj", "{36B3F77A-C0C5-4FFB-85F9-80A4AC4FBF4B}"
EndProject
Project("{9A19103F-16F7-4668-BE54-9A1E7A4F7556}") = "DataAccess-SIGA2", "DataAccess-SIGA2\DataAccess-SIGA2.csproj", "{5F1CB13B-2605-4619-89E2-DB2974947F6C}"
EndProject
Project("{9A19103F-16F7-4668-BE54-9A1E7A4F7556}") = "DisponibilidadUbicaciones", "DisponibilidadUbicaciones\DisponibilidadUbicaciones.csproj", "{80B425D0-D857-4540-84C3-2394F5939273}"
EndProject
Project("{9A19103F-16F7-4668-BE54-9A1E7A4F7556}") = "ReporteInventario", "ReporteInventario\ReporteInventario.csproj", "{F20379F6-9603-4759-8928-F0A6366F6F21}"
EndProject
Project("{9A19103F-16F7-4668-BE54-9A1E7A4F7556}") = "ReporteTareaInterna", "ReporteTareaInterna\ReporteTareaInterna.csproj", "{A69D49B0-D791-4BEC-8CC7-17FE5766C4F9}"
EndProject
Project("{9A19103F-16F7-4668-BE54-9A1E7A4F7556}") = "DataAccess-HistorialMovimientos", "DataAccess-HistorialMovimientos\DataAccess-HistorialMovimientos.csproj", "{849E7598-5139-4EC6-9132-1A39A72DB0B1}"
EndProject
Project("{9A19103F-16F7-4668-BE54-9A1E7A4F7556}") = "HistorialMovimientos", "HistorialMovimientos\HistorialMovimientos.csproj", "{FA59001A-B959-4F68-857C-285E789EB973}"
EndProject
Global
	GlobalSection(SolutionConfigurationPlatforms) = preSolution
		Debug|Any CPU = Debug|Any CPU
		Release|Any CPU = Release|Any CPU
	EndGlobalSection
	GlobalSection(ProjectConfigurationPlatforms) = postSolution
		{7BCEFED8-28DC-4EDE-9288-B9B67DAABF69}.Debug|Any CPU.ActiveCfg = Debug|Any CPU
		{7BCEFED8-28DC-4EDE-9288-B9B67DAABF69}.Debug|Any CPU.Build.0 = Debug|Any CPU
		{7BCEFED8-28DC-4EDE-9288-B9B67DAABF69}.Release|Any CPU.ActiveCfg = Release|Any CPU
		{7BCEFED8-28DC-4EDE-9288-B9B67DAABF69}.Release|Any CPU.Build.0 = Release|Any CPU
		{8694AE70-5562-4971-A7DA-9635246464E6}.Debug|Any CPU.ActiveCfg = Debug|Any CPU
		{8694AE70-5562-4971-A7DA-9635246464E6}.Debug|Any CPU.Build.0 = Debug|Any CPU
		{8694AE70-5562-4971-A7DA-9635246464E6}.Release|Any CPU.ActiveCfg = Release|Any CPU
		{8694AE70-5562-4971-A7DA-9635246464E6}.Release|Any CPU.Build.0 = Release|Any CPU
		{54C1A966-FD6D-43CC-BDE1-DDC29F52CA51}.Debug|Any CPU.ActiveCfg = Debug|Any CPU
		{54C1A966-FD6D-43CC-BDE1-DDC29F52CA51}.Debug|Any CPU.Build.0 = Debug|Any CPU
		{54C1A966-FD6D-43CC-BDE1-DDC29F52CA51}.Release|Any CPU.ActiveCfg = Release|Any CPU
		{54C1A966-FD6D-43CC-BDE1-DDC29F52CA51}.Release|Any CPU.Build.0 = Release|Any CPU
		{6E8B522A-C356-4EA3-8523-9BAECD3B58E9}.Debug|Any CPU.ActiveCfg = Debug|Any CPU
		{6E8B522A-C356-4EA3-8523-9BAECD3B58E9}.Debug|Any CPU.Build.0 = Debug|Any CPU
		{6E8B522A-C356-4EA3-8523-9BAECD3B58E9}.Release|Any CPU.ActiveCfg = Release|Any CPU
		{6E8B522A-C356-4EA3-8523-9BAECD3B58E9}.Release|Any CPU.Build.0 = Release|Any CPU
		{8E78270B-7D65-4E3A-8BD6-ABE5323926DB}.Debug|Any CPU.ActiveCfg = Debug|Any CPU
		{8E78270B-7D65-4E3A-8BD6-ABE5323926DB}.Debug|Any CPU.Build.0 = Debug|Any CPU
		{8E78270B-7D65-4E3A-8BD6-ABE5323926DB}.Release|Any CPU.ActiveCfg = Release|Any CPU
		{8E78270B-7D65-4E3A-8BD6-ABE5323926DB}.Release|Any CPU.Build.0 = Release|Any CPU
		{B9CEAFA0-F348-47E6-8B26-3040C0642C0F}.Debug|Any CPU.ActiveCfg = Debug|Any CPU
		{B9CEAFA0-F348-47E6-8B26-3040C0642C0F}.Debug|Any CPU.Build.0 = Debug|Any CPU
		{B9CEAFA0-F348-47E6-8B26-3040C0642C0F}.Release|Any CPU.ActiveCfg = Release|Any CPU
		{B9CEAFA0-F348-47E6-8B26-3040C0642C0F}.Release|Any CPU.Build.0 = Release|Any CPU
		{CEA4A289-C773-45B3-97BC-365973DF9CDB}.Debug|Any CPU.ActiveCfg = Debug|Any CPU
		{CEA4A289-C773-45B3-97BC-365973DF9CDB}.Debug|Any CPU.Build.0 = Debug|Any CPU
		{CEA4A289-C773-45B3-97BC-365973DF9CDB}.Release|Any CPU.ActiveCfg = Release|Any CPU
		{CEA4A289-C773-45B3-97BC-365973DF9CDB}.Release|Any CPU.Build.0 = Release|Any CPU
		{0101F4DB-2331-47A8-8543-152FFE5F0192}.Debug|Any CPU.ActiveCfg = Debug|Any CPU
		{0101F4DB-2331-47A8-8543-152FFE5F0192}.Debug|Any CPU.Build.0 = Debug|Any CPU
		{0101F4DB-2331-47A8-8543-152FFE5F0192}.Release|Any CPU.ActiveCfg = Release|Any CPU
		{0101F4DB-2331-47A8-8543-152FFE5F0192}.Release|Any CPU.Build.0 = Release|Any CPU
		{08E51E0A-E1FC-4728-999E-644C2CAF2846}.Debug|Any CPU.ActiveCfg = Debug|Any CPU
		{08E51E0A-E1FC-4728-999E-644C2CAF2846}.Debug|Any CPU.Build.0 = Debug|Any CPU
		{08E51E0A-E1FC-4728-999E-644C2CAF2846}.Release|Any CPU.ActiveCfg = Release|Any CPU
		{08E51E0A-E1FC-4728-999E-644C2CAF2846}.Release|Any CPU.Build.0 = Release|Any CPU
		{11D83D2F-B25B-4C71-888F-9F84C5161F66}.Debug|Any CPU.ActiveCfg = Debug|Any CPU
		{11D83D2F-B25B-4C71-888F-9F84C5161F66}.Debug|Any CPU.Build.0 = Debug|Any CPU
		{11D83D2F-B25B-4C71-888F-9F84C5161F66}.Release|Any CPU.ActiveCfg = Release|Any CPU
		{11D83D2F-B25B-4C71-888F-9F84C5161F66}.Release|Any CPU.Build.0 = Release|Any CPU
		{FDD6775F-3316-4FC8-A4B7-EEFE89A98F57}.Debug|Any CPU.ActiveCfg = Debug|Any CPU
		{FDD6775F-3316-4FC8-A4B7-EEFE89A98F57}.Debug|Any CPU.Build.0 = Debug|Any CPU
		{FDD6775F-3316-4FC8-A4B7-EEFE89A98F57}.Release|Any CPU.ActiveCfg = Release|Any CPU
		{FDD6775F-3316-4FC8-A4B7-EEFE89A98F57}.Release|Any CPU.Build.0 = Release|Any CPU
		{D6D82854-309F-48C1-86DB-6B72EE8FC5B1}.Debug|Any CPU.ActiveCfg = Debug|Any CPU
		{D6D82854-309F-48C1-86DB-6B72EE8FC5B1}.Debug|Any CPU.Build.0 = Debug|Any CPU
		{D6D82854-309F-48C1-86DB-6B72EE8FC5B1}.Release|Any CPU.ActiveCfg = Release|Any CPU
		{D6D82854-309F-48C1-86DB-6B72EE8FC5B1}.Release|Any CPU.Build.0 = Release|Any CPU
		{03D4062E-4B9C-4BBF-8A30-C0F6E9608396}.Debug|Any CPU.ActiveCfg = Debug|Any CPU
		{03D4062E-4B9C-4BBF-8A30-C0F6E9608396}.Debug|Any CPU.Build.0 = Debug|Any CPU
		{03D4062E-4B9C-4BBF-8A30-C0F6E9608396}.Release|Any CPU.ActiveCfg = Release|Any CPU
		{03D4062E-4B9C-4BBF-8A30-C0F6E9608396}.Release|Any CPU.Build.0 = Release|Any CPU
		{6DAACC37-DCF4-4DE7-8B19-E918A36E85ED}.Debug|Any CPU.ActiveCfg = Debug|Any CPU
		{6DAACC37-DCF4-4DE7-8B19-E918A36E85ED}.Debug|Any CPU.Build.0 = Debug|Any CPU
		{6DAACC37-DCF4-4DE7-8B19-E918A36E85ED}.Release|Any CPU.ActiveCfg = Release|Any CPU
		{6DAACC37-DCF4-4DE7-8B19-E918A36E85ED}.Release|Any CPU.Build.0 = Release|Any CPU
		{2511B04D-F552-407D-AD39-A8D67A371373}.Debug|Any CPU.ActiveCfg = Debug|Any CPU
		{2511B04D-F552-407D-AD39-A8D67A371373}.Debug|Any CPU.Build.0 = Debug|Any CPU
		{2511B04D-F552-407D-AD39-A8D67A371373}.Release|Any CPU.ActiveCfg = Release|Any CPU
		{2511B04D-F552-407D-AD39-A8D67A371373}.Release|Any CPU.Build.0 = Release|Any CPU
		{5F851C29-08B4-482D-AB2B-8EA692E4413C}.Debug|Any CPU.ActiveCfg = Debug|Any CPU
		{5F851C29-08B4-482D-AB2B-8EA692E4413C}.Debug|Any CPU.Build.0 = Debug|Any CPU
		{5F851C29-08B4-482D-AB2B-8EA692E4413C}.Release|Any CPU.ActiveCfg = Release|Any CPU
		{5F851C29-08B4-482D-AB2B-8EA692E4413C}.Release|Any CPU.Build.0 = Release|Any CPU
		{524FA5B6-35E2-4BCB-BE13-FAC63A7BF5F8}.Debug|Any CPU.ActiveCfg = Debug|Any CPU
		{524FA5B6-35E2-4BCB-BE13-FAC63A7BF5F8}.Debug|Any CPU.Build.0 = Debug|Any CPU
		{524FA5B6-35E2-4BCB-BE13-FAC63A7BF5F8}.Release|Any CPU.ActiveCfg = Release|Any CPU
		{524FA5B6-35E2-4BCB-BE13-FAC63A7BF5F8}.Release|Any CPU.Build.0 = Release|Any CPU
		{AE3BC455-4109-44A0-8578-9F745DFA9444}.Debug|Any CPU.ActiveCfg = Debug|Any CPU
		{AE3BC455-4109-44A0-8578-9F745DFA9444}.Debug|Any CPU.Build.0 = Debug|Any CPU
		{AE3BC455-4109-44A0-8578-9F745DFA9444}.Release|Any CPU.ActiveCfg = Release|Any CPU
		{AE3BC455-4109-44A0-8578-9F745DFA9444}.Release|Any CPU.Build.0 = Release|Any CPU
		{C4FFBFEE-DC9C-4250-A706-74A022128135}.Debug|Any CPU.ActiveCfg = Debug|Any CPU
		{C4FFBFEE-DC9C-4250-A706-74A022128135}.Debug|Any CPU.Build.0 = Debug|Any CPU
		{C4FFBFEE-DC9C-4250-A706-74A022128135}.Release|Any CPU.ActiveCfg = Release|Any CPU
		{C4FFBFEE-DC9C-4250-A706-74A022128135}.Release|Any CPU.Build.0 = Release|Any CPU
		{5C77014E-B0CD-448A-ACE6-9E37433761AF}.Debug|Any CPU.ActiveCfg = Debug|Any CPU
		{5C77014E-B0CD-448A-ACE6-9E37433761AF}.Debug|Any CPU.Build.0 = Debug|Any CPU
		{5C77014E-B0CD-448A-ACE6-9E37433761AF}.Release|Any CPU.ActiveCfg = Release|Any CPU
		{5C77014E-B0CD-448A-ACE6-9E37433761AF}.Release|Any CPU.Build.0 = Release|Any CPU
		{36B3F77A-C0C5-4FFB-85F9-80A4AC4FBF4B}.Debug|Any CPU.ActiveCfg = Debug|Any CPU
		{36B3F77A-C0C5-4FFB-85F9-80A4AC4FBF4B}.Debug|Any CPU.Build.0 = Debug|Any CPU
		{36B3F77A-C0C5-4FFB-85F9-80A4AC4FBF4B}.Release|Any CPU.ActiveCfg = Release|Any CPU
		{36B3F77A-C0C5-4FFB-85F9-80A4AC4FBF4B}.Release|Any CPU.Build.0 = Release|Any CPU
		{5F1CB13B-2605-4619-89E2-DB2974947F6C}.Debug|Any CPU.ActiveCfg = Debug|Any CPU
		{5F1CB13B-2605-4619-89E2-DB2974947F6C}.Debug|Any CPU.Build.0 = Debug|Any CPU
		{5F1CB13B-2605-4619-89E2-DB2974947F6C}.Release|Any CPU.ActiveCfg = Release|Any CPU
		{5F1CB13B-2605-4619-89E2-DB2974947F6C}.Release|Any CPU.Build.0 = Release|Any CPU
		{80B425D0-D857-4540-84C3-2394F5939273}.Debug|Any CPU.ActiveCfg = Debug|Any CPU
		{80B425D0-D857-4540-84C3-2394F5939273}.Debug|Any CPU.Build.0 = Debug|Any CPU
		{80B425D0-D857-4540-84C3-2394F5939273}.Release|Any CPU.ActiveCfg = Release|Any CPU
		{80B425D0-D857-4540-84C3-2394F5939273}.Release|Any CPU.Build.0 = Release|Any CPU
		{F20379F6-9603-4759-8928-F0A6366F6F21}.Debug|Any CPU.ActiveCfg = Debug|Any CPU
		{F20379F6-9603-4759-8928-F0A6366F6F21}.Debug|Any CPU.Build.0 = Debug|Any CPU
		{F20379F6-9603-4759-8928-F0A6366F6F21}.Release|Any CPU.ActiveCfg = Release|Any CPU
		{F20379F6-9603-4759-8928-F0A6366F6F21}.Release|Any CPU.Build.0 = Release|Any CPU
		{A69D49B0-D791-4BEC-8CC7-17FE5766C4F9}.Debug|Any CPU.ActiveCfg = Debug|Any CPU
		{A69D49B0-D791-4BEC-8CC7-17FE5766C4F9}.Debug|Any CPU.Build.0 = Debug|Any CPU
		{A69D49B0-D791-4BEC-8CC7-17FE5766C4F9}.Release|Any CPU.ActiveCfg = Release|Any CPU
		{A69D49B0-D791-4BEC-8CC7-17FE5766C4F9}.Release|Any CPU.Build.0 = Release|Any CPU
		{849E7598-5139-4EC6-9132-1A39A72DB0B1}.Debug|Any CPU.ActiveCfg = Debug|Any CPU
		{849E7598-5139-4EC6-9132-1A39A72DB0B1}.Debug|Any CPU.Build.0 = Debug|Any CPU
		{849E7598-5139-4EC6-9132-1A39A72DB0B1}.Release|Any CPU.ActiveCfg = Release|Any CPU
		{849E7598-5139-4EC6-9132-1A39A72DB0B1}.Release|Any CPU.Build.0 = Release|Any CPU
		{FA59001A-B959-4F68-857C-285E789EB973}.Debug|Any CPU.ActiveCfg = Debug|Any CPU
		{FA59001A-B959-4F68-857C-285E789EB973}.Debug|Any CPU.Build.0 = Debug|Any CPU
		{FA59001A-B959-4F68-857C-285E789EB973}.Release|Any CPU.ActiveCfg = Release|Any CPU
		{FA59001A-B959-4F68-857C-285E789EB973}.Release|Any CPU.Build.0 = Release|Any CPU
	EndGlobalSection
	GlobalSection(SolutionProperties) = preSolution
		HideSolutionNode = FALSE
	EndGlobalSection
	GlobalSection(NestedProjects) = preSolution
		{7BCEFED8-28DC-4EDE-9288-B9B67DAABF69} = {6FE9A25E-C508-4BCB-BB0F-351A20F71EF2}
		{8694AE70-5562-4971-A7DA-9635246464E6} = {6FE9A25E-C508-4BCB-BB0F-351A20F71EF2}
		{54C1A966-FD6D-43CC-BDE1-DDC29F52CA51} = {D54450DC-DE5B-47E1-BF02-EAC53EC37AE3}
		{6E8B522A-C356-4EA3-8523-9BAECD3B58E9} = {D54450DC-DE5B-47E1-BF02-EAC53EC37AE3}
		{8E78270B-7D65-4E3A-8BD6-ABE5323926DB} = {6FE9A25E-C508-4BCB-BB0F-351A20F71EF2}
		{B9CEAFA0-F348-47E6-8B26-3040C0642C0F} = {D54450DC-DE5B-47E1-BF02-EAC53EC37AE3}
		{CEA4A289-C773-45B3-97BC-365973DF9CDB} = {D54450DC-DE5B-47E1-BF02-EAC53EC37AE3}
		{0101F4DB-2331-47A8-8543-152FFE5F0192} = {6FE9A25E-C508-4BCB-BB0F-351A20F71EF2}
		{08E51E0A-E1FC-4728-999E-644C2CAF2846} = {D54450DC-DE5B-47E1-BF02-EAC53EC37AE3}
		{11D83D2F-B25B-4C71-888F-9F84C5161F66} = {6FE9A25E-C508-4BCB-BB0F-351A20F71EF2}
		{FDD6775F-3316-4FC8-A4B7-EEFE89A98F57} = {6FE9A25E-C508-4BCB-BB0F-351A20F71EF2}
		{D6D82854-309F-48C1-86DB-6B72EE8FC5B1} = {D54450DC-DE5B-47E1-BF02-EAC53EC37AE3}
		{03D4062E-4B9C-4BBF-8A30-C0F6E9608396} = {D54450DC-DE5B-47E1-BF02-EAC53EC37AE3}
		{6DAACC37-DCF4-4DE7-8B19-E918A36E85ED} = {6FE9A25E-C508-4BCB-BB0F-351A20F71EF2}
		{2511B04D-F552-407D-AD39-A8D67A371373} = {6FE9A25E-C508-4BCB-BB0F-351A20F71EF2}
		{5F851C29-08B4-482D-AB2B-8EA692E4413C} = {6FE9A25E-C508-4BCB-BB0F-351A20F71EF2}
		{524FA5B6-35E2-4BCB-BE13-FAC63A7BF5F8} = {D54450DC-DE5B-47E1-BF02-EAC53EC37AE3}
		{AE3BC455-4109-44A0-8578-9F745DFA9444} = {D54450DC-DE5B-47E1-BF02-EAC53EC37AE3}
		{C4FFBFEE-DC9C-4250-A706-74A022128135} = {D54450DC-DE5B-47E1-BF02-EAC53EC37AE3}
		{5C77014E-B0CD-448A-ACE6-9E37433761AF} = {D54450DC-DE5B-47E1-BF02-EAC53EC37AE3}
		{36B3F77A-C0C5-4FFB-85F9-80A4AC4FBF4B} = {6FE9A25E-C508-4BCB-BB0F-351A20F71EF2}
		{5F1CB13B-2605-4619-89E2-DB2974947F6C} = {D54450DC-DE5B-47E1-BF02-EAC53EC37AE3}
		{80B425D0-D857-4540-84C3-2394F5939273} = {6FE9A25E-C508-4BCB-BB0F-351A20F71EF2}
		{F20379F6-9603-4759-8928-F0A6366F6F21} = {6FE9A25E-C508-4BCB-BB0F-351A20F71EF2}
		{A69D49B0-D791-4BEC-8CC7-17FE5766C4F9} = {6FE9A25E-C508-4BCB-BB0F-351A20F71EF2}
		{849E7598-5139-4EC6-9132-1A39A72DB0B1} = {D54450DC-DE5B-47E1-BF02-EAC53EC37AE3}
		{FA59001A-B959-4F68-857C-285E789EB973} = {6FE9A25E-C508-4BCB-BB0F-351A20F71EF2}
	EndGlobalSection
	GlobalSection(ExtensibilityGlobals) = postSolution
		SolutionGuid = {2F815133-9873-4684-91BF-97E8F4807851}
	EndGlobalSection
EndGlobal
